
Microsoft Visual Studio Solution File, Format Version 12.00
# Visual Studio Version 17
VisualStudioVersion = 17.2.32519.379
MinimumVisualStudioVersion = 10.0.40219.1
Project("{FAE04EC0-301F-11D3-BF4B-00C04F79EFBC}") = "Calculator", "Calculator\Calculator.csproj", "{486801B9-EBD6-4312-910D-5AC710D4E6AA}"
EndProject
Project("{54435603-DBB4-11D2-8724-00A0C9A8B90C}") = "Setup1", "Setup1\Setup1.vdproj", "{7BBA98D2-4F20-4960-991D-BA1CCBB5E30B}"
EndProject
Global
	GlobalSection(SolutionConfigurationPlatforms) = preSolution
		Debug|Any CPU = Debug|Any CPU
		Release|Any CPU = Release|Any CPU
	EndGlobalSection
	GlobalSection(ProjectConfigurationPlatforms) = postSolution
		{486801B9-EBD6-4312-910D-5AC710D4E6AA}.Debug|Any CPU.ActiveCfg = Debug|Any CPU
		{486801B9-EBD6-4312-910D-5AC710D4E6AA}.Debug|Any CPU.Build.0 = Debug|Any CPU
		{486801B9-EBD6-4312-910D-5AC710D4E6AA}.Release|Any CPU.ActiveCfg = Release|Any CPU
		{486801B9-EBD6-4312-910D-5AC710D4E6AA}.Release|Any CPU.Build.0 = Release|Any CPU
		{7BBA98D2-4F20-4960-991D-BA1CCBB5E30B}.Debug|Any CPU.ActiveCfg = Debug
		{7BBA98D2-4F20-4960-991D-BA1CCBB5E30B}.Release|Any CPU.ActiveCfg = Release
	EndGlobalSection
	GlobalSection(SolutionProperties) = preSolution
		HideSolutionNode = FALSE
	EndGlobalSection
	GlobalSection(ExtensibilityGlobals) = postSolution
		SolutionGuid = {7BFDA83D-9C6B-424B-832C-B3BBABD678D6}
	EndGlobalSection
EndGlobal
